
Microsoft Visual Studio Solution File, Format Version 12.00
# Visual Studio Version 17
VisualStudioVersion = 17.1.32210.238
MinimumVisualStudioVersion = 10.0.40219.1
Project("{FAE04EC0-301F-11D3-BF4B-00C04F79EFBC}") = "Calculo_Paypal 0.3", "Calculo_Paypal 0.3.csproj", "{2DBE4A4D-8AE6-4E7A-84C7-DF4AED05282C}"
EndProject
Global
	GlobalSection(SolutionConfigurationPlatforms) = preSolution
		Debug|Any CPU = Debug|Any CPU
		Release|Any CPU = Release|Any CPU
	EndGlobalSection
	GlobalSection(ProjectConfigurationPlatforms) = postSolution
		{2DBE4A4D-8AE6-4E7A-84C7-DF4AED05282C}.Debug|Any CPU.ActiveCfg = Debug|Any CPU
		{2DBE4A4D-8AE6-4E7A-84C7-DF4AED05282C}.Debug|Any CPU.Build.0 = Debug|Any CPU
		{2DBE4A4D-8AE6-4E7A-84C7-DF4AED05282C}.Release|Any CPU.ActiveCfg = Release|Any CPU
		{2DBE4A4D-8AE6-4E7A-84C7-DF4AED05282C}.Release|Any CPU.Build.0 = Release|Any CPU
	EndGlobalSection
	GlobalSection(SolutionProperties) = preSolution
		HideSolutionNode = FALSE
	EndGlobalSection
	GlobalSection(ExtensibilityGlobals) = postSolution
		SolutionGuid = {406AD23C-74BA-4BBD-BDCF-71203F2A1AF9}
	EndGlobalSection
EndGlobal
